// !$*UTF8*$!
{
	archiveVersion = 1;
	classes = {
	};
	objectVersion = 50;
	objects = {

/* Begin PBXBuildFile section */
		437F3F82234D7CD800AB7E35 /* AppDelegate.swift in Sources */ = {isa = PBXBuildFile; fileRef = 437F3F81234D7CD800AB7E35 /* AppDelegate.swift */; };
		437F3F84234D7CD800AB7E35 /* ViewController.swift in Sources */ = {isa = PBXBuildFile; fileRef = 437F3F83234D7CD800AB7E35 /* ViewController.swift */; };
		437F3F87234D7CD800AB7E35 /* Main.storyboard in Resources */ = {isa = PBXBuildFile; fileRef = 437F3F85234D7CD800AB7E35 /* Main.storyboard */; };
		437F3F89234D7CE300AB7E35 /* Assets.xcassets in Resources */ = {isa = PBXBuildFile; fileRef = 437F3F88234D7CE300AB7E35 /* Assets.xcassets */; };
		437F3F8C234D7CE300AB7E35 /* LaunchScreen.storyboard in Resources */ = {isa = PBXBuildFile; fileRef = 437F3F8A234D7CE300AB7E35 /* LaunchScreen.storyboard */; };
		437F3F97234D7CE400AB7E35 /* i_m_yangTests.swift in Sources */ = {isa = PBXBuildFile; fileRef = 437F3F96234D7CE400AB7E35 /* i_m_yangTests.swift */; };
		437F3FA2234D7CE400AB7E35 /* i_m_yangUITests.swift in Sources */ = {isa = PBXBuildFile; fileRef = 437F3FA1234D7CE400AB7E35 /* i_m_yangUITests.swift */; };
/* End PBXBuildFile section */

/* Begin PBXContainerItemProxy section */
		437F3F93234D7CE400AB7E35 /* PBXContainerItemProxy */ = {
			isa = PBXContainerItemProxy;
			containerPortal = 437F3F76234D7CD700AB7E35 /* Project object */;
			proxyType = 1;
			remoteGlobalIDString = 437F3F7D234D7CD800AB7E35;
			remoteInfo = "i m yang";
		};
		437F3F9E234D7CE400AB7E35 /* PBXContainerItemProxy */ = {
			isa = PBXContainerItemProxy;
			containerPortal = 437F3F76234D7CD700AB7E35 /* Project object */;
			proxyType = 1;
			remoteGlobalIDString = 437F3F7D234D7CD800AB7E35;
			remoteInfo = "i m yang";
		};
/* End PBXContainerItemProxy section */

/* Begin PBXFileReference section */
		437F3F7E234D7CD800AB7E35 /* i m yang.app */ = {isa = PBXFileReference; explicitFileType = wrapper.application; includeInIndex = 0; path = "i m yang.app"; sourceTree = BUILT_PRODUCTS_DIR; };
		437F3F81234D7CD800AB7E35 /* AppDelegate.swift */ = {isa = PBXFileReference; lastKnownFileType = sourcecode.swift; path = AppDelegate.swift; sourceTree = "<group>"; };
		437F3F83234D7CD800AB7E35 /* ViewController.swift */ = {isa = PBXFileReference; lastKnownFileType = sourcecode.swift; path = ViewController.swift; sourceTree = "<group>"; };
		437F3F86234D7CD800AB7E35 /* Base */ = {isa = PBXFileReference; lastKnownFileType = file.storyboard; name = Base; path = Base.lproj/Main.storyboard; sourceTree = "<group>"; };
		437F3F88234D7CE300AB7E35 /* Assets.xcassets */ = {isa = PBXFileReference; lastKnownFileType = folder.assetcatalog; path = Assets.xcassets; sourceTree = "<group>"; };
		437F3F8B234D7CE300AB7E35 /* Base */ = {isa = PBXFileReference; lastKnownFileType = file.storyboard; name = Base; path = Base.lproj/LaunchScreen.storyboard; sourceTree = "<group>"; };
		437F3F8D234D7CE300AB7E35 /* Info.plist */ = {isa = PBXFileReference; lastKnownFileType = text.plist.xml; path = Info.plist; sourceTree = "<group>"; };
		437F3F92234D7CE400AB7E35 /* i m yangTests.xctest */ = {isa = PBXFileReference; explicitFileType = wrapper.cfbundle; includeInIndex = 0; path = "i m yangTests.xctest"; sourceTree = BUILT_PRODUCTS_DIR; };
		437F3F96234D7CE400AB7E35 /* i_m_yangTests.swift */ = {isa = PBXFileReference; lastKnownFileType = sourcecode.swift; path = i_m_yangTests.swift; sourceTree = "<group>"; };
		437F3F98234D7CE400AB7E35 /* Info.plist */ = {isa = PBXFileReference; lastKnownFileType = text.plist.xml; path = Info.plist; sourceTree = "<group>"; };
		437F3F9D234D7CE400AB7E35 /* i m yangUITests.xctest */ = {isa = PBXFileReference; explicitFileType = wrapper.cfbundle; includeInIndex = 0; path = "i m yangUITests.xctest"; sourceTree = BUILT_PRODUCTS_DIR; };
		437F3FA1234D7CE400AB7E35 /* i_m_yangUITests.swift */ = {isa = PBXFileReference; lastKnownFileType = sourcecode.swift; path = i_m_yangUITests.swift; sourceTree = "<group>"; };
		437F3FA3234D7CE400AB7E35 /* Info.plist */ = {isa = PBXFileReference; lastKnownFileType = text.plist.xml; path = Info.plist; sourceTree = "<group>"; };
/* End PBXFileReference section */

/* Begin PBXFrameworksBuildPhase section */
		437F3F7B234D7CD800AB7E35 /* Frameworks */ = {
			isa = PBXFrameworksBuildPhase;
			buildActionMask = 2147483647;
			files = (
			);
			runOnlyForDeploymentPostprocessing = 0;
		};
		437F3F8F234D7CE400AB7E35 /* Frameworks */ = {
			isa = PBXFrameworksBuildPhase;
			buildActionMask = 2147483647;
			files = (
			);
			runOnlyForDeploymentPostprocessing = 0;
		};
		437F3F9A234D7CE400AB7E35 /* Frameworks */ = {
			isa = PBXFrameworksBuildPhase;
			buildActionMask = 2147483647;
			files = (
			);
			runOnlyForDeploymentPostprocessing = 0;
		};
/* End PBXFrameworksBuildPhase section */

/* Begin PBXGroup section */
		437F3F75234D7CD700AB7E35 = {
			isa = PBXGroup;
			children = (
				437F3F80234D7CD800AB7E35 /* i m yang */,
				437F3F95234D7CE400AB7E35 /* i m yangTests */,
				437F3FA0234D7CE400AB7E35 /* i m yangUITests */,
				437F3F7F234D7CD800AB7E35 /* Products */,
			);
			sourceTree = "<group>";
		};
		437F3F7F234D7CD800AB7E35 /* Products */ = {
			isa = PBXGroup;
			children = (
				437F3F7E234D7CD800AB7E35 /* i m yang.app */,
				437F3F92234D7CE400AB7E35 /* i m yangTests.xctest */,
				437F3F9D234D7CE400AB7E35 /* i m yangUITests.xctest */,
			);
			name = Products;
			sourceTree = "<group>";
		};
		437F3F80234D7CD800AB7E35 /* i m yang */ = {
			isa = PBXGroup;
			children = (
				437F3F81234D7CD800AB7E35 /* AppDelegate.swift */,
				437F3F83234D7CD800AB7E35 /* ViewController.swift */,
				437F3F85234D7CD800AB7E35 /* Main.storyboard */,
				437F3F88234D7CE300AB7E35 /* Assets.xcassets */,
				437F3F8A234D7CE300AB7E35 /* LaunchScreen.storyboard */,
				437F3F8D234D7CE300AB7E35 /* Info.plist */,
			);
			path = "i m yang";
			sourceTree = "<group>";
		};
		437F3F95234D7CE400AB7E35 /* i m yangTests */ = {
			isa = PBXGroup;
			children = (
				437F3F96234D7CE400AB7E35 /* i_m_yangTests.swift */,
				437F3F98234D7CE400AB7E35 /* Info.plist */,
			);
			path = "i m yangTests";
			sourceTree = "<group>";
		};
		437F3FA0234D7CE400AB7E35 /* i m yangUITests */ = {
			isa = PBXGroup;
			children = (
				437F3FA1234D7CE400AB7E35 /* i_m_yangUITests.swift */,
				437F3FA3234D7CE400AB7E35 /* Info.plist */,
			);
			path = "i m yangUITests";
			sourceTree = "<group>";
		};
/* End PBXGroup section */

/* Begin PBXNativeTarget section */
		437F3F7D234D7CD800AB7E35 /* i m yang */ = {
			isa = PBXNativeTarget;
			buildConfigurationList = 437F3FA6234D7CE400AB7E35 /* Build configuration list for PBXNativeTarget "i m yang" */;
			buildPhases = (
				437F3F7A234D7CD800AB7E35 /* Sources */,
				437F3F7B234D7CD800AB7E35 /* Frameworks */,
				437F3F7C234D7CD800AB7E35 /* Resources */,
			);
			buildRules = (
			);
			dependencies = (
			);
			name = "i m yang";
			productName = "i m yang";
			productReference = 437F3F7E234D7CD800AB7E35 /* i m yang.app */;
			productType = "com.apple.product-type.application";
		};
		437F3F91234D7CE400AB7E35 /* i m yangTests */ = {
			isa = PBXNativeTarget;
			buildConfigurationList = 437F3FA9234D7CE400AB7E35 /* Build configuration list for PBXNativeTarget "i m yangTests" */;
			buildPhases = (
				437F3F8E234D7CE400AB7E35 /* Sources */,
				437F3F8F234D7CE400AB7E35 /* Frameworks */,
				437F3F90234D7CE400AB7E35 /* Resources */,
			);
			buildRules = (
			);
			dependencies = (
				437F3F94234D7CE400AB7E35 /* PBXTargetDependency */,
			);
			name = "i m yangTests";
			productName = "i m yangTests";
			productReference = 437F3F92234D7CE400AB7E35 /* i m yangTests.xctest */;
			productType = "com.apple.product-type.bundle.unit-test";
		};
		437F3F9C234D7CE400AB7E35 /* i m yangUITests */ = {
			isa = PBXNativeTarget;
			buildConfigurationList = 437F3FAC234D7CE400AB7E35 /* Build configuration list for PBXNativeTarget "i m yangUITests" */;
			buildPhases = (
				437F3F99234D7CE400AB7E35 /* Sources */,
				437F3F9A234D7CE400AB7E35 /* Frameworks */,
				437F3F9B234D7CE400AB7E35 /* Resources */,
			);
			buildRules = (
			);
			dependencies = (
				437F3F9F234D7CE400AB7E35 /* PBXTargetDependency */,
			);
			name = "i m yangUITests";
			productName = "i m yangUITests";
			productReference = 437F3F9D234D7CE400AB7E35 /* i m yangUITests.xctest */;
			productType = "com.apple.product-type.bundle.ui-testing";
		};
/* End PBXNativeTarget section */

/* Begin PBXProject section */
		437F3F76234D7CD700AB7E35 /* Project object */ = {
			isa = PBXProject;
			attributes = {
				LastSwiftUpdateCheck = 1010;
				LastUpgradeCheck = 1010;
				ORGANIZATIONNAME = s20181105879;
				TargetAttributes = {
					437F3F7D234D7CD800AB7E35 = {
						CreatedOnToolsVersion = 10.1;
					};
					437F3F91234D7CE400AB7E35 = {
						CreatedOnToolsVersion = 10.1;
						TestTargetID = 437F3F7D234D7CD800AB7E35;
					};
					437F3F9C234D7CE400AB7E35 = {
						CreatedOnToolsVersion = 10.1;
						TestTargetID = 437F3F7D234D7CD800AB7E35;
					};
				};
			};
			buildConfigurationList = 437F3F79234D7CD700AB7E35 /* Build configuration list for PBXProject "i m yang" */;
			compatibilityVersion = "Xcode 9.3";
			developmentRegion = en;
			hasScannedForEncodings = 0;
			knownRegions = (
				en,
				Base,
			);
			mainGroup = 437F3F75234D7CD700AB7E35;
			productRefGroup = 437F3F7F234D7CD800AB7E35 /* Products */;
			projectDirPath = "";
			projectRoot = "";
			targets = (
				437F3F7D234D7CD800AB7E35 /* i m yang */,
				437F3F91234D7CE400AB7E35 /* i m yangTests */,
				437F3F9C234D7CE400AB7E35 /* i m yangUITests */,
			);
		};
/* End PBXProject section */

/* Begin PBXResourcesBuildPhase section */
		437F3F7C234D7CD800AB7E35 /* Resources */ = {
			isa = PBXResourcesBuildPhase;
			buildActionMask = 2147483647;
			files = (
				437F3F8C234D7CE300AB7E35 /* LaunchScreen.storyboard in Resources */,
				437F3F89234D7CE300AB7E35 /* Assets.xcassets in Resources */,
				437F3F87234D7CD800AB7E35 /* Main.storyboard in Resources */,
			);
			runOnlyForDeploymentPostprocessing = 0;
		};
		437F3F90234D7CE400AB7E35 /* Resources */ = {
			isa = PBXResourcesBuildPhase;
			buildActionMask = 2147483647;
			files = (
			);
			runOnlyForDeploymentPostprocessing = 0;
		};
		437F3F9B234D7CE400AB7E35 /* Resources */ = {
			isa = PBXResourcesBuildPhase;
			buildActionMask = 2147483647;
			files = (
			);
			runOnlyForDeploymentPostprocessing = 0;
		};
/* End PBXResourcesBuildPhase section */

/* Begin PBXSourcesBuildPhase section */
		437F3F7A234D7CD800AB7E35 /* Sources */ = {
			isa = PBXSourcesBuildPhase;
			buildActionMask = 2147483647;
			files = (
				437F3F84234D7CD800AB7E35 /* ViewController.swift in Sources */,
				437F3F82234D7CD800AB7E35 /* AppDelegate.swift in Sources */,
			);
			runOnlyForDeploymentPostprocessing = 0;
		};
		437F3F8E234D7CE400AB7E35 /* Sources */ = {
			isa = PBXSourcesBuildPhase;
			buildActionMask = 2147483647;
			files = (
				437F3F97234D7CE400AB7E35 /* i_m_yangTests.swift in Sources */,
			);
			runOnlyForDeploymentPostprocessing = 0;
		};
		437F3F99234D7CE400AB7E35 /* Sources */ = {
			isa = PBXSourcesBuildPhase;
			buildActionMask = 2147483647;
			files = (
				437F3FA2234D7CE400AB7E35 /* i_m_yangUITests.swift in Sources */,
			);
			runOnlyForDeploymentPostprocessing = 0;
		};
/* End PBXSourcesBuildPhase section */

/* Begin PBXTargetDependency section */
		437F3F94234D7CE400AB7E35 /* PBXTargetDependency */ = {
			isa = PBXTargetDependency;
			target = 437F3F7D234D7CD800AB7E35 /* i m yang */;
			targetProxy = 437F3F93234D7CE400AB7E35 /* PBXContainerItemProxy */;
		};
		437F3F9F234D7CE400AB7E35 /* PBXTargetDependency */ = {
			isa = PBXTargetDependency;
			target = 437F3F7D234D7CD800AB7E35 /* i m yang */;
			targetProxy = 437F3F9E234D7CE400AB7E35 /* PBXContainerItemProxy */;
		};
/* End PBXTargetDependency section */

/* Begin PBXVariantGroup section */
		437F3F85234D7CD800AB7E35 /* Main.storyboard */ = {
			isa = PBXVariantGroup;
			children = (
				437F3F86234D7CD800AB7E35 /* Base */,
			);
			name = Main.storyboard;
			sourceTree = "<group>";
		};
		437F3F8A234D7CE300AB7E35 /* LaunchScreen.storyboard */ = {
			isa = PBXVariantGroup;
			children = (
				437F3F8B234D7CE300AB7E35 /* Base */,
			);
			name = LaunchScreen.storyboard;
			sourceTree = "<group>";
		};
/* End PBXVariantGroup section */

/* Begin XCBuildConfiguration section */
		437F3FA4234D7CE400AB7E35 /* Debug */ = {
			isa = XCBuildConfiguration;
			buildSettings = {
				ALWAYS_SEARCH_USER_PATHS = NO;
				CLANG_ANALYZER_NONNULL = YES;
				CLANG_ANALYZER_NUMBER_OBJECT_CONVERSION = YES_AGGRESSIVE;
				CLANG_CXX_LANGUAGE_STANDARD = "gnu++14";
				CLANG_CXX_LIBRARY = "libc++";
				CLANG_ENABLE_MODULES = YES;
				CLANG_ENABLE_OBJC_ARC = YES;
				CLANG_ENABLE_OBJC_WEAK = YES;
				CLANG_WARN_BLOCK_CAPTURE_AUTORELEASING = YES;
				CLANG_WARN_BOOL_CONVERSION = YES;
				CLANG_WARN_COMMA = YES;
				CLANG_WARN_CONSTANT_CONVERSION = YES;
				CLANG_WARN_DEPRECATED_OBJC_IMPLEMENTATIONS = YES;
				CLANG_WARN_DIRECT_OBJC_ISA_USAGE = YES_ERROR;
				CLANG_WARN_DOCUMENTATION_COMMENTS = YES;
				CLANG_WARN_EMPTY_BODY = YES;
				CLANG_WARN_ENUM_CONVERSION = YES;
				CLANG_WARN_INFINITE_RECURSION = YES;
				CLANG_WARN_INT_CONVERSION = YES;
				CLANG_WARN_NON_LITERAL_NULL_CONVERSION = YES;
				CLANG_WARN_OBJC_IMPLICIT_RETAIN_SELF = YES;
				CLANG_WARN_OBJC_LITERAL_CONVERSION = YES;
				CLANG_WARN_OBJC_ROOT_CLASS = YES_ERROR;
				CLANG_WARN_RANGE_LOOP_ANALYSIS = YES;
				CLANG_WARN_STRICT_PROTOTYPES = YES;
				CLANG_WARN_SUSPICIOUS_MOVE = YES;
				CLANG_WARN_UNGUARDED_AVAILABILITY = YES_AGGRESSIVE;
				CLANG_WARN_UNREACHABLE_CODE = YES;
				CLANG_WARN__DUPLICATE_METHOD_MATCH = YES;
				CODE_SIGN_IDENTITY = "iPhone Developer";
				COPY_PHASE_STRIP = NO;
				DEBUG_INFORMATION_FORMAT = dwarf;
				ENABLE_STRICT_OBJC_MSGSEND = YES;
				ENABLE_TESTABILITY = YES;
				GCC_C_LANGUAGE_STANDARD = gnu11;
				GCC_DYNAMIC_NO_PIC = NO;
				GCC_NO_COMMON_BLOCKS = YES;
				GCC_OPTIMIZATION_LEVEL = 0;
				GCC_PREPROCESSOR_DEFINITIONS = (
					"DEBUG=1",
					"$(inherited)",
				);
				GCC_WARN_64_TO_32_BIT_CONVERSION = YES;
				GCC_WARN_ABOUT_RETURN_TYPE = YES_ERROR;
				GCC_WARN_UNDECLARED_SELECTOR = YES;
				GCC_WARN_UNINITIALIZED_AUTOS = YES_AGGRESSIVE;
				GCC_WARN_UNUSED_FUNCTION = YES;
				GCC_WARN_UNUSED_VARIABLE = YES;
				IPHONEOS_DEPLOYMENT_TARGET = 12.1;
				MTL_ENABLE_DEBUG_INFO = INCLUDE_SOURCE;
				MTL_FAST_MATH = YES;
				ONLY_ACTIVE_ARCH = YES;
				SDKROOT = iphoneos;
				SWIFT_ACTIVE_COMPILATION_CONDITIONS = DEBUG;
				SWIFT_OPTIMIZATION_LEVEL = "-Onone";
			};
			name = Debug;
		};
		437F3FA5234D7CE400AB7E35 /* Release */ = {
			isa = XCBuildConfiguration;
			buildSettings = {
				ALWAYS_SEARCH_USER_PATHS = NO;
				CLANG_ANALYZER_NONNULL = YES;
				CLANG_ANALYZER_NUMBER_OBJECT_CONVERSION = YES_AGGRESSIVE;
				CLANG_CXX_LANGUAGE_STANDARD = "gnu++14";
				CLANG_CXX_LIBRARY = "libc++";
				CLANG_ENABLE_MODULES = YES;
				CLANG_ENABLE_OBJC_ARC = YES;
				CLANG_ENABLE_OBJC_WEAK = YES;
				CLANG_WARN_BLOCK_CAPTURE_AUTORELEASING = YES;
				CLANG_WARN_BOOL_CONVERSION = YES;
				CLANG_WARN_COMMA = YES;
				CLANG_WARN_CONSTANT_CONVERSION = YES;
				CLANG_WARN_DEPRECATED_OBJC_IMPLEMENTATIONS = YES;
				CLANG_WARN_DIRECT_OBJC_ISA_USAGE = YES_ERROR;
				CLANG_WARN_DOCUMENTATION_COMMENTS = YES;
				CLANG_WARN_EMPTY_BODY = YES;
				CLANG_WARN_ENUM_CONVERSION = YES;
				CLANG_WARN_INFINITE_RECURSION = YES;
				CLANG_WARN_INT_CONVERSION = YES;
				CLANG_WARN_NON_LITERAL_NULL_CONVERSION = YES;
				CLANG_WARN_OBJC_IMPLICIT_RETAIN_SELF = YES;
				CLANG_WARN_OBJC_LITERAL_CONVERSION = YES;
				CLANG_WARN_OBJC_ROOT_CLASS = YES_ERROR;
				CLANG_WARN_RANGE_LOOP_ANALYSIS = YES;
				CLANG_WARN_STRICT_PROTOTYPES = YES;
				CLANG_WARN_SUSPICIOUS_MOVE = YES;
				CLANG_WARN_UNGUARDED_AVAILABILITY = YES_AGGRESSIVE;
				CLANG_WARN_UNREACHABLE_CODE = YES;
				CLANG_WARN__DUPLICATE_METHOD_MATCH = YES;
				CODE_SIGN_IDENTITY = "iPhone Developer";
				COPY_PHASE_STRIP = NO;
				DEBUG_INFORMATION_FORMAT = "dwarf-with-dsym";
				ENABLE_NS_ASSERTIONS = NO;
				ENABLE_STRICT_OBJC_MSGSEND = YES;
				GCC_C_LANGUAGE_STANDARD = gnu11;
				GCC_NO_COMMON_BLOCKS = YES;
				GCC_WARN_64_TO_32_BIT_CONVERSION = YES;
				GCC_WARN_ABOUT_RETURN_TYPE = YES_ERROR;
				GCC_WARN_UNDECLARED_SELECTOR = YES;
				GCC_WARN_UNINITIALIZED_AUTOS = YES_AGGRESSIVE;
				GCC_WARN_UNUSED_FUNCTION = YES;
				GCC_WARN_UNUSED_VARIABLE = YES;
				IPHONEOS_DEPLOYMENT_TARGET = 12.1;
				MTL_ENABLE_DEBUG_INFO = NO;
				MTL_FAST_MATH = YES;
				SDKROOT = iphoneos;
				SWIFT_COMPILATION_MODE = wholemodule;
				SWIFT_OPTIMIZATION_LEVEL = "-O";
				VALIDATE_PRODUCT = YES;
			};
			name = Release;
		};
		437F3FA7234D7CE400AB7E35 /* Debug */ = {
			isa = XCBuildConfiguration;
			buildSettings = {
				ASSETCATALOG_COMPILER_APPICON_NAME = AppIcon;
				CODE_SIGN_STYLE = Automatic;
				INFOPLIST_FILE = "i m yang/Info.plist";
				LD_RUNPATH_SEARCH_PATHS = (
					"$(inherited)",
					"@executable_path/Frameworks",
				);
				PRODUCT_BUNDLE_IDENTIFIER = "-.i-m-yang";
				PRODUCT_NAME = "$(TARGET_NAME)";
				SWIFT_VERSION = 4.2;
				TARGETED_DEVICE_FAMILY = "1,2";
			};
			name = Debug;
		};
		437F3FA8234D7CE400AB7E35 /* Release */ = {
			isa = XCBuildConfiguration;
			buildSettings = {
				ASSETCATALOG_COMPILER_APPICON_NAME = AppIcon;
				CODE_SIGN_STYLE = Automatic;
				INFOPLIST_FILE = "i m yang/Info.plist";
				LD_RUNPATH_SEARCH_PATHS = (
					"$(inherited)",
					"@executable_path/Frameworks",
				);
				PRODUCT_BUNDLE_IDENTIFIER = "-.i-m-yang";
				PRODUCT_NAME = "$(TARGET_NAME)";
				SWIFT_VERSION = 4.2;
				TARGETED_DEVICE_FAMILY = "1,2";
			};
			name = Release;
		};
		437F3FAA234D7CE400AB7E35 /* Debug */ = {
			isa = XCBuildConfiguration;
			buildSettings = {
				ALWAYS_EMBED_SWIFT_STANDARD_LIBRARIES = YES;
				BUNDLE_LOADER = "$(TEST_HOST)";
				CODE_SIGN_STYLE = Automatic;
				INFOPLIST_FILE = "i m yangTests/Info.plist";
				LD_RUNPATH_SEARCH_PATHS = (
					"$(inherited)",
					"@executable_path/Frameworks",
					"@loader_path/Frameworks",
				);
				PRODUCT_BUNDLE_IDENTIFIER = "-.i-m-yangTests";
				PRODUCT_NAME = "$(TARGET_NAME)";
				SWIFT_VERSION = 4.2;
				TARGETED_DEVICE_FAMILY = "1,2";
				TEST_HOST = "$(BUILT_PRODUCTS_DIR)/i m yang.app/i m yang";
			};
			name = Debug;
		};
		437F3FAB234D7CE400AB7E35 /* Release */ = {
			isa = XCBuildConfiguration;
			buildSettings = {
				ALWAYS_EMBED_SWIFT_STANDARD_LIBRARIES = YES;
				BUNDLE_LOADER = "$(TEST_HOST)";
				CODE_SIGN_STYLE = Automatic;
				INFOPLIST_FILE = "i m yangTests/Info.plist";
				LD_RUNPATH_SEARCH_PATHS = (
					"$(inherited)",
					"@executable_path/Frameworks",
					"@loader_path/Frameworks",
				);
				PRODUCT_BUNDLE_IDENTIFIER = "-.i-m-yangTests";
				PRODUCT_NAME = "$(TARGET_NAME)";
				SWIFT_VERSION = 4.2;
				TARGETED_DEVICE_FAMILY = "1,2";
				TEST_HOST = "$(BUILT_PRODUCTS_DIR)/i m yang.app/i m yang";
			};
			name = Release;
		};
		437F3FAD234D7CE400AB7E35 /* Debug */ = {
			isa = XCBuildConfiguration;
			buildSettings = {
				ALWAYS_EMBED_SWIFT_STANDARD_LIBRARIES = YES;
				CODE_SIGN_STYLE = Automatic;
				INFOPLIST_FILE = "i m yangUITests/Info.plist";
				LD_RUNPATH_SEARCH_PATHS = (
					"$(inherited)",
					"@executable_path/Frameworks",
					"@loader_path/Frameworks",
				);
				PRODUCT_BUNDLE_IDENTIFIER = "-.i-m-yangUITests";
				PRODUCT_NAME = "$(TARGET_NAME)";
				SWIFT_VERSION = 4.2;
				TARGETED_DEVICE_FAMILY = "1,2";
				TEST_TARGET_NAME = "i m yang";
			};
			name = Debug;
		};
		437F3FAE234D7CE400AB7E35 /* Release */ = {
			isa = XCBuildConfiguration;
			buildSettings = {
				ALWAYS_EMBED_SWIFT_STANDARD_LIBRARIES = YES;
				CODE_SIGN_STYLE = Automatic;
				INFOPLIST_FILE = "i m yangUITests/Info.plist";
				LD_RUNPATH_SEARCH_PATHS = (
					"$(inherited)",
					"@executable_path/Frameworks",
					"@loader_path/Frameworks",
				);
				PRODUCT_BUNDLE_IDENTIFIER = "-.i-m-yangUITests";
				PRODUCT_NAME = "$(TARGET_NAME)";
				SWIFT_VERSION = 4.2;
				TARGETED_DEVICE_FAMILY = "1,2";
				TEST_TARGET_NAME = "i m yang";
			};
			name = Release;
		};
/* End XCBuildConfiguration section */

/* Begin XCConfigurationList section */
		437F3F79234D7CD700AB7E35 /* Build configuration list for PBXProject "i m yang" */ = {
			isa = XCConfigurationList;
			buildConfigurations = (
				437F3FA4234D7CE400AB7E35 /* Debug */,
				437F3FA5234D7CE400AB7E35 /* Release */,
			);
			defaultConfigurationIsVisible = 0;
			defaultConfigurationName = Release;
		};
		437F3FA6234D7CE400AB7E35 /* Build configuration list for PBXNativeTarget "i m yang" */ = {
			isa = XCConfigurationList;
			buildConfigurations = (
				437F3FA7234D7CE400AB7E35 /* Debug */,
				437F3FA8234D7CE400AB7E35 /* Release */,
			);
			defaultConfigurationIsVisible = 0;
			defaultConfigurationName = Release;
		};
		437F3FA9234D7CE400AB7E35 /* Build configuration list for PBXNativeTarget "i m yangTests" */ = {
			isa = XCConfigurationList;
			buildConfigurations = (
				437F3FAA234D7CE400AB7E35 /* Debug */,
				437F3FAB234D7CE400AB7E35 /* Release */,
			);
			defaultConfigurationIsVisible = 0;
			defaultConfigurationName = Release;
		};
		437F3FAC234D7CE400AB7E35 /* Build configuration list for PBXNativeTarget "i m yangUITests" */ = {
			isa = XCConfigurationList;
			buildConfigurations = (
				437F3FAD234D7CE400AB7E35 /* Debug */,
				437F3FAE234D7CE400AB7E35 /* Release */,
			);
			defaultConfigurationIsVisible = 0;
			defaultConfigurationName = Release;
		};
/* End XCConfigurationList section */
	};
	rootObject = 437F3F76234D7CD700AB7E35 /* Project object */;
}
